
Microsoft Visual Studio Solution File, Format Version 12.00
# Visual Studio Version 17
VisualStudioVersion = 17.4.33110.190
MinimumVisualStudioVersion = 10.0.40219.1
Project("{8BC9CEB8-8B4A-11D0-8D11-00A0C91BC942}") = "lab1", "lab1.vcxproj", "{BDB34CFE-2F75-4640-BBDD-E6FB7E0B1122}"
EndProject
Project("{8BC9CEB8-8B4A-11D0-8D11-00A0C91BC942}") = "lab1_4", "lab2_4\lab2_4.vcxproj", "{3105A3AC-78D5-4BA8-81A5-7ED7BB1A3C13}"
EndProject
Project("{8BC9CEB8-8B4A-11D0-8D11-00A0C91BC942}") = "lab1_5", "lab1_5\lab1_5.vcxproj", "{FD416F79-BFED-4834-AC15-683AD736BF02}"
EndProject
Project("{8BC9CEB8-8B4A-11D0-8D11-00A0C91BC942}") = "lab1_6", "lab1_6\lab1_6.vcxproj", "{6BF3B551-842F-4E8D-8150-897D79A8F9C6}"
EndProject
Project("{8BC9CEB8-8B4A-11D0-8D11-00A0C91BC942}") = "lab1_7", "lab1_7\lab1_7.vcxproj", "{4C929411-ECA7-4657-8F47-D604C4D50E84}"
EndProject
Project("{8BC9CEB8-8B4A-11D0-8D11-00A0C91BC942}") = "lab1_8", "lab1_8\lab1_8.vcxproj", "{A8E9DBF2-04B3-4B97-ADEB-2A2A4B0C3741}"
EndProject
Project("{8BC9CEB8-8B4A-11D0-8D11-00A0C91BC942}") = "lab1_9", "lab1_9\lab1_9.vcxproj", "{7E9C95AD-981E-4759-8632-8A94C0DC0234}"
EndProject
Project("{8BC9CEB8-8B4A-11D0-8D11-00A0C91BC942}") = "lab1_10", "lab1_10\lab1_10.vcxproj", "{F41CD494-3E85-4470-A451-6020197909A8}"
EndProject
Project("{8BC9CEB8-8B4A-11D0-8D11-00A0C91BC942}") = "lab1_12", "lab1_12\lab1_12.vcxproj", "{D504F3BD-8E1E-4897-88F8-DD89F7DCC981}"
EndProject
Project("{8BC9CEB8-8B4A-11D0-8D11-00A0C91BC942}") = "lab1_13", "lab1_13\lab1_13.vcxproj", "{C6D11543-3DF9-4B1E-8A32-BA6CB08F14B6}"
EndProject
Project("{8BC9CEB8-8B4A-11D0-8D11-00A0C91BC942}") = "lab1_11", "lab1_11\lab1_11.vcxproj", "{A3D45943-8CAD-441B-9688-C772CAF45779}"
EndProject
Global
	GlobalSection(SolutionConfigurationPlatforms) = preSolution
		Debug|x64 = Debug|x64
		Debug|x86 = Debug|x86
		Release|x64 = Release|x64
		Release|x86 = Release|x86
	EndGlobalSection
	GlobalSection(ProjectConfigurationPlatforms) = postSolution
		{BDB34CFE-2F75-4640-BBDD-E6FB7E0B1122}.Debug|x64.ActiveCfg = Debug|x64
		{BDB34CFE-2F75-4640-BBDD-E6FB7E0B1122}.Debug|x64.Build.0 = Debug|x64
		{BDB34CFE-2F75-4640-BBDD-E6FB7E0B1122}.Debug|x86.ActiveCfg = Debug|Win32
		{BDB34CFE-2F75-4640-BBDD-E6FB7E0B1122}.Debug|x86.Build.0 = Debug|Win32
		{BDB34CFE-2F75-4640-BBDD-E6FB7E0B1122}.Release|x64.ActiveCfg = Release|x64
		{BDB34CFE-2F75-4640-BBDD-E6FB7E0B1122}.Release|x64.Build.0 = Release|x64
		{BDB34CFE-2F75-4640-BBDD-E6FB7E0B1122}.Release|x86.ActiveCfg = Release|Win32
		{BDB34CFE-2F75-4640-BBDD-E6FB7E0B1122}.Release|x86.Build.0 = Release|Win32
		{3105A3AC-78D5-4BA8-81A5-7ED7BB1A3C13}.Debug|x64.ActiveCfg = Debug|x64
		{3105A3AC-78D5-4BA8-81A5-7ED7BB1A3C13}.Debug|x64.Build.0 = Debug|x64
		{3105A3AC-78D5-4BA8-81A5-7ED7BB1A3C13}.Debug|x86.ActiveCfg = Debug|Win32
		{3105A3AC-78D5-4BA8-81A5-7ED7BB1A3C13}.Debug|x86.Build.0 = Debug|Win32
		{3105A3AC-78D5-4BA8-81A5-7ED7BB1A3C13}.Release|x64.ActiveCfg = Release|x64
		{3105A3AC-78D5-4BA8-81A5-7ED7BB1A3C13}.Release|x64.Build.0 = Release|x64
		{3105A3AC-78D5-4BA8-81A5-7ED7BB1A3C13}.Release|x86.ActiveCfg = Release|Win32
		{3105A3AC-78D5-4BA8-81A5-7ED7BB1A3C13}.Release|x86.Build.0 = Release|Win32
		{FD416F79-BFED-4834-AC15-683AD736BF02}.Debug|x64.ActiveCfg = Debug|x64
		{FD416F79-BFED-4834-AC15-683AD736BF02}.Debug|x64.Build.0 = Debug|x64
		{FD416F79-BFED-4834-AC15-683AD736BF02}.Debug|x86.ActiveCfg = Debug|Win32
		{FD416F79-BFED-4834-AC15-683AD736BF02}.Debug|x86.Build.0 = Debug|Win32
		{FD416F79-BFED-4834-AC15-683AD736BF02}.Release|x64.ActiveCfg = Release|x64
		{FD416F79-BFED-4834-AC15-683AD736BF02}.Release|x64.Build.0 = Release|x64
		{FD416F79-BFED-4834-AC15-683AD736BF02}.Release|x86.ActiveCfg = Release|Win32
		{FD416F79-BFED-4834-AC15-683AD736BF02}.Release|x86.Build.0 = Release|Win32
		{6BF3B551-842F-4E8D-8150-897D79A8F9C6}.Debug|x64.ActiveCfg = Debug|x64
		{6BF3B551-842F-4E8D-8150-897D79A8F9C6}.Debug|x64.Build.0 = Debug|x64
		{6BF3B551-842F-4E8D-8150-897D79A8F9C6}.Debug|x86.ActiveCfg = Debug|Win32
		{6BF3B551-842F-4E8D-8150-897D79A8F9C6}.Debug|x86.Build.0 = Debug|Win32
		{6BF3B551-842F-4E8D-8150-897D79A8F9C6}.Release|x64.ActiveCfg = Release|x64
		{6BF3B551-842F-4E8D-8150-897D79A8F9C6}.Release|x64.Build.0 = Release|x64
		{6BF3B551-842F-4E8D-8150-897D79A8F9C6}.Release|x86.ActiveCfg = Release|Win32
		{6BF3B551-842F-4E8D-8150-897D79A8F9C6}.Release|x86.Build.0 = Release|Win32
		{4C929411-ECA7-4657-8F47-D604C4D50E84}.Debug|x64.ActiveCfg = Debug|x64
		{4C929411-ECA7-4657-8F47-D604C4D50E84}.Debug|x64.Build.0 = Debug|x64
		{4C929411-ECA7-4657-8F47-D604C4D50E84}.Debug|x86.ActiveCfg = Debug|Win32
		{4C929411-ECA7-4657-8F47-D604C4D50E84}.Debug|x86.Build.0 = Debug|Win32
		{4C929411-ECA7-4657-8F47-D604C4D50E84}.Release|x64.ActiveCfg = Release|x64
		{4C929411-ECA7-4657-8F47-D604C4D50E84}.Release|x64.Build.0 = Release|x64
		{4C929411-ECA7-4657-8F47-D604C4D50E84}.Release|x86.ActiveCfg = Release|Win32
		{4C929411-ECA7-4657-8F47-D604C4D50E84}.Release|x86.Build.0 = Release|Win32
		{A8E9DBF2-04B3-4B97-ADEB-2A2A4B0C3741}.Debug|x64.ActiveCfg = Debug|x64
		{A8E9DBF2-04B3-4B97-ADEB-2A2A4B0C3741}.Debug|x64.Build.0 = Debug|x64
		{A8E9DBF2-04B3-4B97-ADEB-2A2A4B0C3741}.Debug|x86.ActiveCfg = Debug|Win32
		{A8E9DBF2-04B3-4B97-ADEB-2A2A4B0C3741}.Debug|x86.Build.0 = Debug|Win32
		{A8E9DBF2-04B3-4B97-ADEB-2A2A4B0C3741}.Release|x64.ActiveCfg = Release|x64
		{A8E9DBF2-04B3-4B97-ADEB-2A2A4B0C3741}.Release|x64.Build.0 = Release|x64
		{A8E9DBF2-04B3-4B97-ADEB-2A2A4B0C3741}.Release|x86.ActiveCfg = Release|Win32
		{A8E9DBF2-04B3-4B97-ADEB-2A2A4B0C3741}.Release|x86.Build.0 = Release|Win32
		{7E9C95AD-981E-4759-8632-8A94C0DC0234}.Debug|x64.ActiveCfg = Debug|x64
		{7E9C95AD-981E-4759-8632-8A94C0DC0234}.Debug|x64.Build.0 = Debug|x64
		{7E9C95AD-981E-4759-8632-8A94C0DC0234}.Debug|x86.ActiveCfg = Debug|Win32
		{7E9C95AD-981E-4759-8632-8A94C0DC0234}.Debug|x86.Build.0 = Debug|Win32
		{7E9C95AD-981E-4759-8632-8A94C0DC0234}.Release|x64.ActiveCfg = Release|x64
		{7E9C95AD-981E-4759-8632-8A94C0DC0234}.Release|x64.Build.0 = Release|x64
		{7E9C95AD-981E-4759-8632-8A94C0DC0234}.Release|x86.ActiveCfg = Release|Win32
		{7E9C95AD-981E-4759-8632-8A94C0DC0234}.Release|x86.Build.0 = Release|Win32
		{F41CD494-3E85-4470-A451-6020197909A8}.Debug|x64.ActiveCfg = Debug|x64
		{F41CD494-3E85-4470-A451-6020197909A8}.Debug|x64.Build.0 = Debug|x64
		{F41CD494-3E85-4470-A451-6020197909A8}.Debug|x86.ActiveCfg = Debug|Win32
		{F41CD494-3E85-4470-A451-6020197909A8}.Debug|x86.Build.0 = Debug|Win32
		{F41CD494-3E85-4470-A451-6020197909A8}.Release|x64.ActiveCfg = Release|x64
		{F41CD494-3E85-4470-A451-6020197909A8}.Release|x64.Build.0 = Release|x64
		{F41CD494-3E85-4470-A451-6020197909A8}.Release|x86.ActiveCfg = Release|Win32
		{F41CD494-3E85-4470-A451-6020197909A8}.Release|x86.Build.0 = Release|Win32
		{D504F3BD-8E1E-4897-88F8-DD89F7DCC981}.Debug|x64.ActiveCfg = Debug|x64
		{D504F3BD-8E1E-4897-88F8-DD89F7DCC981}.Debug|x64.Build.0 = Debug|x64
		{D504F3BD-8E1E-4897-88F8-DD89F7DCC981}.Debug|x86.ActiveCfg = Debug|Win32
		{D504F3BD-8E1E-4897-88F8-DD89F7DCC981}.Debug|x86.Build.0 = Debug|Win32
		{D504F3BD-8E1E-4897-88F8-DD89F7DCC981}.Release|x64.ActiveCfg = Release|x64
		{D504F3BD-8E1E-4897-88F8-DD89F7DCC981}.Release|x64.Build.0 = Release|x64
		{D504F3BD-8E1E-4897-88F8-DD89F7DCC981}.Release|x86.ActiveCfg = Release|Win32
		{D504F3BD-8E1E-4897-88F8-DD89F7DCC981}.Release|x86.Build.0 = Release|Win32
		{C6D11543-3DF9-4B1E-8A32-BA6CB08F14B6}.Debug|x64.ActiveCfg = Debug|x64
		{C6D11543-3DF9-4B1E-8A32-BA6CB08F14B6}.Debug|x64.Build.0 = Debug|x64
		{C6D11543-3DF9-4B1E-8A32-BA6CB08F14B6}.Debug|x86.ActiveCfg = Debug|Win32
		{C6D11543-3DF9-4B1E-8A32-BA6CB08F14B6}.Debug|x86.Build.0 = Debug|Win32
		{C6D11543-3DF9-4B1E-8A32-BA6CB08F14B6}.Release|x64.ActiveCfg = Release|x64
		{C6D11543-3DF9-4B1E-8A32-BA6CB08F14B6}.Release|x64.Build.0 = Release|x64
		{C6D11543-3DF9-4B1E-8A32-BA6CB08F14B6}.Release|x86.ActiveCfg = Release|Win32
		{C6D11543-3DF9-4B1E-8A32-BA6CB08F14B6}.Release|x86.Build.0 = Release|Win32
		{A3D45943-8CAD-441B-9688-C772CAF45779}.Debug|x64.ActiveCfg = Debug|x64
		{A3D45943-8CAD-441B-9688-C772CAF45779}.Debug|x64.Build.0 = Debug|x64
		{A3D45943-8CAD-441B-9688-C772CAF45779}.Debug|x86.ActiveCfg = Debug|Win32
		{A3D45943-8CAD-441B-9688-C772CAF45779}.Debug|x86.Build.0 = Debug|Win32
		{A3D45943-8CAD-441B-9688-C772CAF45779}.Release|x64.ActiveCfg = Release|x64
		{A3D45943-8CAD-441B-9688-C772CAF45779}.Release|x64.Build.0 = Release|x64
		{A3D45943-8CAD-441B-9688-C772CAF45779}.Release|x86.ActiveCfg = Release|Win32
		{A3D45943-8CAD-441B-9688-C772CAF45779}.Release|x86.Build.0 = Release|Win32
	EndGlobalSection
	GlobalSection(SolutionProperties) = preSolution
		HideSolutionNode = FALSE
	EndGlobalSection
	GlobalSection(ExtensibilityGlobals) = postSolution
		SolutionGuid = {BDFD0DB8-1585-4627-AE1C-657E72A715D3}
	EndGlobalSection
EndGlobal
